
Microsoft Visual Studio Solution File, Format Version 12.00
# Visual Studio Version 16
VisualStudioVersion = 16.0.29519.181
MinimumVisualStudioVersion = 10.0.40219.1
Project("{FAE04EC0-301F-11D3-BF4B-00C04F79EFBC}") = "TestTask_V1336", "TestTask_V1336\TestTask_V1336.csproj", "{0AA59A72-9269-405F-9AC6-5EC4F1140D01}"
EndProject
Global
	GlobalSection(SolutionConfigurationPlatforms) = preSolution
		Debug|Any CPU = Debug|Any CPU
		Release|Any CPU = Release|Any CPU
	EndGlobalSection
	GlobalSection(ProjectConfigurationPlatforms) = postSolution
		{0AA59A72-9269-405F-9AC6-5EC4F1140D01}.Debug|Any CPU.ActiveCfg = Debug|Any CPU
		{0AA59A72-9269-405F-9AC6-5EC4F1140D01}.Debug|Any CPU.Build.0 = Debug|Any CPU
		{0AA59A72-9269-405F-9AC6-5EC4F1140D01}.Release|Any CPU.ActiveCfg = Release|Any CPU
		{0AA59A72-9269-405F-9AC6-5EC4F1140D01}.Release|Any CPU.Build.0 = Release|Any CPU
	EndGlobalSection
	GlobalSection(SolutionProperties) = preSolution
		HideSolutionNode = FALSE
	EndGlobalSection
	GlobalSection(ExtensibilityGlobals) = postSolution
		SolutionGuid = {C68E9442-5996-4389-A658-D8449B01AD85}
	EndGlobalSection
EndGlobal
